PODS:
  - Yoga (1.14.0)
  - YogaKit (1.18.1):
    - Yoga (~> 1.14)

DEPENDENCIES:
  - YogaKit (~> 1.7)

SPEC REPOS:
  trunk:
    - Yoga
    - YogaKit

SPEC CHECKSUMS:
  Yoga: cff67a400f6b74dc38eb0bad4f156673d9aa980c
  YogaKit: f782866e155069a2cca2517aafea43200b01fd5a

PODFILE CHECKSUM: 8accd9d9960a232af2703b3ea3b5d37871b1233e

COCOAPODS: 1.9.1
