// !$*UTF8*$!
{
	archiveVersion = 1;
	classes = {
	};
	objectVersion = 50;
	objects = {

/* Begin PBXBuildFile section */
		2F676718FB2A69FC3EB1B4FF /* Pods_Sidetracked.framework in Frameworks */ = {isa = PBXBuildFile; fileRef = 621A434E40439883800C5237 /* Pods_Sidetracked.framework */; };
		FB140E04242F9B1000628B7A /* DrivingViewController.swift in Sources */ = {isa = PBXBuildFile; fileRef = FB140E03242F9B1000628B7A /* DrivingViewController.swift */; };
		FB140E06242F9B3300628B7A /* DetailViewController.swift in Sources */ = {isa = PBXBuildFile; fileRef = FB140E05242F9B3300628B7A /* DetailViewController.swift */; };
		FB140E09242F9DF600628B7A /* Pothole.swift in Sources */ = {isa = PBXBuildFile; fileRef = FB140E08242F9DF600628B7A /* Pothole.swift */; };
		FB140E0C242F9F7000628B7A /* NetworkManager.swift in Sources */ = {isa = PBXBuildFile; fileRef = FB140E0B242F9F7000628B7A /* NetworkManager.swift */; };
		FB140E0E242F9FC000628B7A /* NetworkRequestable.swift in Sources */ = {isa = PBXBuildFile; fileRef = FB140E0D242F9FC000628B7A /* NetworkRequestable.swift */; };
		FB140E10242F9FCA00628B7A /* Result.swift in Sources */ = {isa = PBXBuildFile; fileRef = FB140E0F242F9FCA00628B7A /* Result.swift */; };
		FB140E13242FABDD00628B7A /* CameraFeedManager.swift in Sources */ = {isa = PBXBuildFile; fileRef = FB140E12242FABDD00628B7A /* CameraFeedManager.swift */; };
		FB140E15242FACEB00628B7A /* PreviewView.swift in Sources */ = {isa = PBXBuildFile; fileRef = FB140E14242FACEB00628B7A /* PreviewView.swift */; };
		FB630BC0242F8AAE00DBFA8B /* PotholeMapViewController.swift in Sources */ = {isa = PBXBuildFile; fileRef = FB630BBF242F8AAE00DBFA8B /* PotholeMapViewController.swift */; };
		FBC9D233242F30D600D5CA58 /* AppDelegate.swift in Sources */ = {isa = PBXBuildFile; fileRef = FBC9D232242F30D600D5CA58 /* AppDelegate.swift */; };
		FBC9D235242F30D600D5CA58 /* SceneDelegate.swift in Sources */ = {isa = PBXBuildFile; fileRef = FBC9D234242F30D600D5CA58 /* SceneDelegate.swift */; };
		FBC9D237242F30D600D5CA58 /* ViewController.swift in Sources */ = {isa = PBXBuildFile; fileRef = FBC9D236242F30D600D5CA58 /* ViewController.swift */; };
		FBC9D23A242F30D600D5CA58 /* Main.storyboard in Resources */ = {isa = PBXBuildFile; fileRef = FBC9D238242F30D600D5CA58 /* Main.storyboard */; };
		FBC9D23C242F30D700D5CA58 /* Assets.xcassets in Resources */ = {isa = PBXBuildFile; fileRef = FBC9D23B242F30D700D5CA58 /* Assets.xcassets */; };
		FBC9D23F242F30D700D5CA58 /* LaunchScreen.storyboard in Resources */ = {isa = PBXBuildFile; fileRef = FBC9D23D242F30D700D5CA58 /* LaunchScreen.storyboard */; };
/* End PBXBuildFile section */

/* Begin PBXFileReference section */
		36B170C45ABB1F98B712E97D /* Pods-Sidetracked.release.xcconfig */ = {isa = PBXFileReference; includeInIndex = 1; lastKnownFileType = text.xcconfig; name = "Pods-Sidetracked.release.xcconfig"; path = "Target Support Files/Pods-Sidetracked/Pods-Sidetracked.release.xcconfig"; sourceTree = "<group>"; };
		621A434E40439883800C5237 /* Pods_Sidetracked.framework */ = {isa = PBXFileReference; explicitFileType = wrapper.framework; includeInIndex = 0; path = Pods_Sidetracked.framework; sourceTree = BUILT_PRODUCTS_DIR; };
		C55E71E1F025B27E5572FF64 /* Pods-Sidetracked.debug.xcconfig */ = {isa = PBXFileReference; includeInIndex = 1; lastKnownFileType = text.xcconfig; name = "Pods-Sidetracked.debug.xcconfig"; path = "Target Support Files/Pods-Sidetracked/Pods-Sidetracked.debug.xcconfig"; sourceTree = "<group>"; };
		FB140E03242F9B1000628B7A /* DrivingViewController.swift */ = {isa = PBXFileReference; lastKnownFileType = sourcecode.swift; path = DrivingViewController.swift; sourceTree = "<group>"; };
		FB140E05242F9B3300628B7A /* DetailViewController.swift */ = {isa = PBXFileReference; lastKnownFileType = sourcecode.swift; path = DetailViewController.swift; sourceTree = "<group>"; };
		FB140E08242F9DF600628B7A /* Pothole.swift */ = {isa = PBXFileReference; lastKnownFileType = sourcecode.swift; path = Pothole.swift; sourceTree = "<group>"; };
		FB140E0B242F9F7000628B7A /* NetworkManager.swift */ = {isa = PBXFileReference; lastKnownFileType = sourcecode.swift; path = NetworkManager.swift; sourceTree = "<group>"; };
		FB140E0D242F9FC000628B7A /* NetworkRequestable.swift */ = {isa = PBXFileReference; lastKnownFileType = sourcecode.swift; path = NetworkRequestable.swift; sourceTree = "<group>"; };
		FB140E0F242F9FCA00628B7A /* Result.swift */ = {isa = PBXFileReference; lastKnownFileType = sourcecode.swift; path = Result.swift; sourceTree = "<group>"; };
		FB140E12242FABDD00628B7A /* CameraFeedManager.swift */ = {isa = PBXFileReference; lastKnownFileType = sourcecode.swift; path = CameraFeedManager.swift; sourceTree = "<group>"; };
		FB140E14242FACEB00628B7A /* PreviewView.swift */ = {isa = PBXFileReference; lastKnownFileType = sourcecode.swift; path = PreviewView.swift; sourceTree = "<group>"; };
		FB630BBF242F8AAE00DBFA8B /* PotholeMapViewController.swift */ = {isa = PBXFileReference; lastKnownFileType = sourcecode.swift; path = PotholeMapViewController.swift; sourceTree = "<group>"; };
		FBC9D22F242F30D600D5CA58 /* Sidetracked.app */ = {isa = PBXFileReference; explicitFileType = wrapper.application; includeInIndex = 0; path = Sidetracked.app; sourceTree = BUILT_PRODUCTS_DIR; };
		FBC9D232242F30D600D5CA58 /* AppDelegate.swift */ = {isa = PBXFileReference; lastKnownFileType = sourcecode.swift; path = AppDelegate.swift; sourceTree = "<group>"; };
		FBC9D234242F30D600D5CA58 /* SceneDelegate.swift */ = {isa = PBXFileReference; lastKnownFileType = sourcecode.swift; path = SceneDelegate.swift; sourceTree = "<group>"; };
		FBC9D236242F30D600D5CA58 /* ViewController.swift */ = {isa = PBXFileReference; lastKnownFileType = sourcecode.swift; path = ViewController.swift; sourceTree = "<group>"; };
		FBC9D239242F30D600D5CA58 /* Base */ = {isa = PBXFileReference; lastKnownFileType = file.storyboard; name = Base; path = Base.lproj/Main.storyboard; sourceTree = "<group>"; };
		FBC9D23B242F30D700D5CA58 /* Assets.xcassets */ = {isa = PBXFileReference; lastKnownFileType = folder.assetcatalog; path = Assets.xcassets; sourceTree = "<group>"; };
		FBC9D23E242F30D700D5CA58 /* Base */ = {isa = PBXFileReference; lastKnownFileType = file.storyboard; name = Base; path = Base.lproj/LaunchScreen.storyboard; sourceTree = "<group>"; };
		FBC9D240242F30D700D5CA58 /* Info.plist */ = {isa = PBXFileReference; lastKnownFileType = text.plist.xml; path = Info.plist; sourceTree = "<group>"; };
/* End PBXFileReference section */

/* Begin PBXFrameworksBuildPhase section */
		FBC9D22C242F30D600D5CA58 /* Frameworks */ = {
			isa = PBXFrameworksBuildPhase;
			buildActionMask = 2147483647;
			files = (
				2F676718FB2A69FC3EB1B4FF /* Pods_Sidetracked.framework in Frameworks */,
			);
			runOnlyForDeploymentPostprocessing = 0;
		};
/* End PBXFrameworksBuildPhase section */

/* Begin PBXGroup section */
		6B253F7B2BCFEB744188899E /* Pods */ = {
			isa = PBXGroup;
			children = (
				C55E71E1F025B27E5572FF64 /* Pods-Sidetracked.debug.xcconfig */,
				36B170C45ABB1F98B712E97D /* Pods-Sidetracked.release.xcconfig */,
			);
			path = Pods;
			sourceTree = "<group>";
		};
		E8824C5B857F8ABDE8C879A6 /* Frameworks */ = {
			isa = PBXGroup;
			children = (
				621A434E40439883800C5237 /* Pods_Sidetracked.framework */,
			);
			name = Frameworks;
			sourceTree = "<group>";
		};
		FB140E07242F9DE400628B7A /* Model */ = {
			isa = PBXGroup;
			children = (
				FB140E08242F9DF600628B7A /* Pothole.swift */,
			);
			path = Model;
			sourceTree = "<group>";
		};
		FB140E0A242F9F5500628B7A /* Networking */ = {
			isa = PBXGroup;
			children = (
				FB140E0B242F9F7000628B7A /* NetworkManager.swift */,
				FB140E0D242F9FC000628B7A /* NetworkRequestable.swift */,
				FB140E0F242F9FCA00628B7A /* Result.swift */,
			);
			path = Networking;
			sourceTree = "<group>";
		};
		FB140E11242FABCB00628B7A /* Camera Feed */ = {
			isa = PBXGroup;
			children = (
				FB140E12242FABDD00628B7A /* CameraFeedManager.swift */,
				FB140E14242FACEB00628B7A /* PreviewView.swift */,
			);
			path = "Camera Feed";
			sourceTree = "<group>";
		};
		FB630BC1242F8ABA00DBFA8B /* ViewControllers */ = {
			isa = PBXGroup;
			children = (
				FBC9D236242F30D600D5CA58 /* ViewController.swift */,
				FB630BBF242F8AAE00DBFA8B /* PotholeMapViewController.swift */,
				FB140E03242F9B1000628B7A /* DrivingViewController.swift */,
				FB140E05242F9B3300628B7A /* DetailViewController.swift */,
			);
			path = ViewControllers;
			sourceTree = "<group>";
		};
		FBC9D226242F30D600D5CA58 = {
			isa = PBXGroup;
			children = (
				FBC9D231242F30D600D5CA58 /* Sidetracked */,
				FBC9D230242F30D600D5CA58 /* Products */,
				6B253F7B2BCFEB744188899E /* Pods */,
				E8824C5B857F8ABDE8C879A6 /* Frameworks */,
			);
			sourceTree = "<group>";
		};
		FBC9D230242F30D600D5CA58 /* Products */ = {
			isa = PBXGroup;
			children = (
				FBC9D22F242F30D600D5CA58 /* Sidetracked.app */,
			);
			name = Products;
			sourceTree = "<group>";
		};
		FBC9D231242F30D600D5CA58 /* Sidetracked */ = {
			isa = PBXGroup;
			children = (
				FB140E11242FABCB00628B7A /* Camera Feed */,
				FB140E0A242F9F5500628B7A /* Networking */,
				FB630BC1242F8ABA00DBFA8B /* ViewControllers */,
				FB140E07242F9DE400628B7A /* Model */,
				FBC9D232242F30D600D5CA58 /* AppDelegate.swift */,
				FBC9D234242F30D600D5CA58 /* SceneDelegate.swift */,
				FBC9D238242F30D600D5CA58 /* Main.storyboard */,
				FBC9D23B242F30D700D5CA58 /* Assets.xcassets */,
				FBC9D23D242F30D700D5CA58 /* LaunchScreen.storyboard */,
				FBC9D240242F30D700D5CA58 /* Info.plist */,
			);
			path = Sidetracked;
			sourceTree = "<group>";
		};
/* End PBXGroup section */

/* Begin PBXNativeTarget section */
		FBC9D22E242F30D600D5CA58 /* Sidetracked */ = {
			isa = PBXNativeTarget;
			buildConfigurationList = FBC9D243242F30D700D5CA58 /* Build configuration list for PBXNativeTarget "Sidetracked" */;
			buildPhases = (
				3311CA1FAE481EDEC29B72CF /* [CP] Check Pods Manifest.lock */,
				FBC9D22B242F30D600D5CA58 /* Sources */,
				FBC9D22C242F30D600D5CA58 /* Frameworks */,
				FBC9D22D242F30D600D5CA58 /* Resources */,
			);
			buildRules = (
			);
			dependencies = (
			);
			name = Sidetracked;
			productName = Sidetracked;
			productReference = FBC9D22F242F30D600D5CA58 /* Sidetracked.app */;
			productType = "com.apple.product-type.application";
		};
/* End PBXNativeTarget section */

/* Begin PBXProject section */
		FBC9D227242F30D600D5CA58 /* Project object */ = {
			isa = PBXProject;
			attributes = {
				LastSwiftUpdateCheck = 1140;
				LastUpgradeCheck = 1140;
				ORGANIZATIONNAME = "Andrew Graves";
				TargetAttributes = {
					FBC9D22E242F30D600D5CA58 = {
						CreatedOnToolsVersion = 11.4;
					};
				};
			};
			buildConfigurationList = FBC9D22A242F30D600D5CA58 /* Build configuration list for PBXProject "Sidetracked" */;
			compatibilityVersion = "Xcode 9.3";
			developmentRegion = en;
			hasScannedForEncodings = 0;
			knownRegions = (
				en,
				Base,
			);
			mainGroup = FBC9D226242F30D600D5CA58;
			productRefGroup = FBC9D230242F30D600D5CA58 /* Products */;
			projectDirPath = "";
			projectRoot = "";
			targets = (
				FBC9D22E242F30D600D5CA58 /* Sidetracked */,
			);
		};
/* End PBXProject section */

/* Begin PBXResourcesBuildPhase section */
		FBC9D22D242F30D600D5CA58 /* Resources */ = {
			isa = PBXResourcesBuildPhase;
			buildActionMask = 2147483647;
			files = (
				FBC9D23F242F30D700D5CA58 /* LaunchScreen.storyboard in Resources */,
				FBC9D23C242F30D700D5CA58 /* Assets.xcassets in Resources */,
				FBC9D23A242F30D600D5CA58 /* Main.storyboard in Resources */,
			);
			runOnlyForDeploymentPostprocessing = 0;
		};
/* End PBXResourcesBuildPhase section */

/* Begin PBXShellScriptBuildPhase section */
		3311CA1FAE481EDEC29B72CF /* [CP] Check Pods Manifest.lock */ = {
			isa = PBXShellScriptBuildPhase;
			buildActionMask = 2147483647;
			files = (
			);
			inputFileListPaths = (
			);
			inputPaths = (
				"${PODS_PODFILE_DIR_PATH}/Podfile.lock",
				"${PODS_ROOT}/Manifest.lock",
			);
			name = "[CP] Check Pods Manifest.lock";
			outputFileListPaths = (
			);
			outputPaths = (
				"$(DERIVED_FILE_DIR)/Pods-Sidetracked-checkManifestLockResult.txt",
			);
			runOnlyForDeploymentPostprocessing = 0;
			shellPath = /bin/sh;
			shellScript = "diff \"${PODS_PODFILE_DIR_PATH}/Podfile.lock\" \"${PODS_ROOT}/Manifest.lock\" > /dev/null\nif [ $? != 0 ] ; then\n    # print error to STDERR\n    echo \"error: The sandbox is not in sync with the Podfile.lock. Run 'pod install' or update your CocoaPods installation.\" >&2\n    exit 1\nfi\n# This output is used by Xcode 'outputs' to avoid re-running this script phase.\necho \"SUCCESS\" > \"${SCRIPT_OUTPUT_FILE_0}\"\n";
			showEnvVarsInLog = 0;
		};
/* End PBXShellScriptBuildPhase section */

/* Begin PBXSourcesBuildPhase section */
		FBC9D22B242F30D600D5CA58 /* Sources */ = {
			isa = PBXSourcesBuildPhase;
			buildActionMask = 2147483647;
			files = (
				FBC9D237242F30D600D5CA58 /* ViewController.swift in Sources */,
				FB630BC0242F8AAE00DBFA8B /* PotholeMapViewController.swift in Sources */,
				FBC9D233242F30D600D5CA58 /* AppDelegate.swift in Sources */,
				FB140E13242FABDD00628B7A /* CameraFeedManager.swift in Sources */,
				FB140E06242F9B3300628B7A /* DetailViewController.swift in Sources */,
				FB140E15242FACEB00628B7A /* PreviewView.swift in Sources */,
				FB140E0E242F9FC000628B7A /* NetworkRequestable.swift in Sources */,
				FBC9D235242F30D600D5CA58 /* SceneDelegate.swift in Sources */,
				FB140E10242F9FCA00628B7A /* Result.swift in Sources */,
				FB140E0C242F9F7000628B7A /* NetworkManager.swift in Sources */,
				FB140E04242F9B1000628B7A /* DrivingViewController.swift in Sources */,
				FB140E09242F9DF600628B7A /* Pothole.swift in Sources */,
			);
			runOnlyForDeploymentPostprocessing = 0;
		};
/* End PBXSourcesBuildPhase section */

/* Begin PBXVariantGroup section */
		FBC9D238242F30D600D5CA58 /* Main.storyboard */ = {
			isa = PBXVariantGroup;
			children = (
				FBC9D239242F30D600D5CA58 /* Base */,
			);
			name = Main.storyboard;
			sourceTree = "<group>";
		};
		FBC9D23D242F30D700D5CA58 /* LaunchScreen.storyboard */ = {
			isa = PBXVariantGroup;
			children = (
				FBC9D23E242F30D700D5CA58 /* Base */,
			);
			name = LaunchScreen.storyboard;
			sourceTree = "<group>";
		};
/* End PBXVariantGroup section */

/* Begin XCBuildConfiguration section */
		FBC9D241242F30D700D5CA58 /* Debug */ = {
			isa = XCBuildConfiguration;
			buildSettings = {
				ALWAYS_SEARCH_USER_PATHS = NO;
				CLANG_ANALYZER_NONNULL = YES;
				CLANG_ANALYZER_NUMBER_OBJECT_CONVERSION = YES_AGGRESSIVE;
				CLANG_CXX_LANGUAGE_STANDARD = "gnu++14";
				CLANG_CXX_LIBRARY = "libc++";
				CLANG_ENABLE_MODULES = YES;
				CLANG_ENABLE_OBJC_ARC = YES;
				CLANG_ENABLE_OBJC_WEAK = YES;
				CLANG_WARN_BLOCK_CAPTURE_AUTORELEASING = YES;
				CLANG_WARN_BOOL_CONVERSION = YES;
				CLANG_WARN_COMMA = YES;
				CLANG_WARN_CONSTANT_CONVERSION = YES;
				CLANG_WARN_DEPRECATED_OBJC_IMPLEMENTATIONS = YES;
				CLANG_WARN_DIRECT_OBJC_ISA_USAGE = YES_ERROR;
				CLANG_WARN_DOCUMENTATION_COMMENTS = YES;
				CLANG_WARN_EMPTY_BODY = YES;
				CLANG_WARN_ENUM_CONVERSION = YES;
				CLANG_WARN_INFINITE_RECURSION = YES;
				CLANG_WARN_INT_CONVERSION = YES;
				CLANG_WARN_NON_LITERAL_NULL_CONVERSION = YES;
				CLANG_WARN_OBJC_IMPLICIT_RETAIN_SELF = YES;
				CLANG_WARN_OBJC_LITERAL_CONVERSION = YES;
				CLANG_WARN_OBJC_ROOT_CLASS = YES_ERROR;
				CLANG_WARN_RANGE_LOOP_ANALYSIS = YES;
				CLANG_WARN_STRICT_PROTOTYPES = YES;
				CLANG_WARN_SUSPICIOUS_MOVE = YES;
				CLANG_WARN_UNGUARDED_AVAILABILITY = YES_AGGRESSIVE;
				CLANG_WARN_UNREACHABLE_CODE = YES;
				CLANG_WARN__DUPLICATE_METHOD_MATCH = YES;
				COPY_PHASE_STRIP = NO;
				DEBUG_INFORMATION_FORMAT = dwarf;
				ENABLE_STRICT_OBJC_MSGSEND = YES;
				ENABLE_TESTABILITY = YES;
				GCC_C_LANGUAGE_STANDARD = gnu11;
				GCC_DYNAMIC_NO_PIC = NO;
				GCC_NO_COMMON_BLOCKS = YES;
				GCC_OPTIMIZATION_LEVEL = 0;
				GCC_PREPROCESSOR_DEFINITIONS = (
					"DEBUG=1",
					"$(inherited)",
				);
				GCC_WARN_64_TO_32_BIT_CONVERSION = YES;
				GCC_WARN_ABOUT_RETURN_TYPE = YES_ERROR;
				GCC_WARN_UNDECLARED_SELECTOR = YES;
				GCC_WARN_UNINITIALIZED_AUTOS = YES_AGGRESSIVE;
				GCC_WARN_UNUSED_FUNCTION = YES;
				GCC_WARN_UNUSED_VARIABLE = YES;
				IPHONEOS_DEPLOYMENT_TARGET = 13.4;
				MTL_ENABLE_DEBUG_INFO = INCLUDE_SOURCE;
				MTL_FAST_MATH = YES;
				ONLY_ACTIVE_ARCH = YES;
				SDKROOT = iphoneos;
				SWIFT_ACTIVE_COMPILATION_CONDITIONS = DEBUG;
				SWIFT_OPTIMIZATION_LEVEL = "-Onone";
			};
			name = Debug;
		};
		FBC9D242242F30D700D5CA58 /* Release */ = {
			isa = XCBuildConfiguration;
			buildSettings = {
				ALWAYS_SEARCH_USER_PATHS = NO;
				CLANG_ANALYZER_NONNULL = YES;
				CLANG_ANALYZER_NUMBER_OBJECT_CONVERSION = YES_AGGRESSIVE;
				CLANG_CXX_LANGUAGE_STANDARD = "gnu++14";
				CLANG_CXX_LIBRARY = "libc++";
				CLANG_ENABLE_MODULES = YES;
				CLANG_ENABLE_OBJC_ARC = YES;
				CLANG_ENABLE_OBJC_WEAK = YES;
				CLANG_WARN_BLOCK_CAPTURE_AUTORELEASING = YES;
				CLANG_WARN_BOOL_CONVERSION = YES;
				CLANG_WARN_COMMA = YES;
				CLANG_WARN_CONSTANT_CONVERSION = YES;
				CLANG_WARN_DEPRECATED_OBJC_IMPLEMENTATIONS = YES;
				CLANG_WARN_DIRECT_OBJC_ISA_USAGE = YES_ERROR;
				CLANG_WARN_DOCUMENTATION_COMMENTS = YES;
				CLANG_WARN_EMPTY_BODY = YES;
				CLANG_WARN_ENUM_CONVERSION = YES;
				CLANG_WARN_INFINITE_RECURSION = YES;
				CLANG_WARN_INT_CONVERSION = YES;
				CLANG_WARN_NON_LITERAL_NULL_CONVERSION = YES;
				CLANG_WARN_OBJC_IMPLICIT_RETAIN_SELF = YES;
				CLANG_WARN_OBJC_LITERAL_CONVERSION = YES;
				CLANG_WARN_OBJC_ROOT_CLASS = YES_ERROR;
				CLANG_WARN_RANGE_LOOP_ANALYSIS = YES;
				CLANG_WARN_STRICT_PROTOTYPES = YES;
				CLANG_WARN_SUSPICIOUS_MOVE = YES;
				CLANG_WARN_UNGUARDED_AVAILABILITY = YES_AGGRESSIVE;
				CLANG_WARN_UNREACHABLE_CODE = YES;
				CLANG_WARN__DUPLICATE_METHOD_MATCH = YES;
				COPY_PHASE_STRIP = NO;
				DEBUG_INFORMATION_FORMAT = "dwarf-with-dsym";
				ENABLE_NS_ASSERTIONS = NO;
				ENABLE_STRICT_OBJC_MSGSEND = YES;
				GCC_C_LANGUAGE_STANDARD = gnu11;
				GCC_NO_COMMON_BLOCKS = YES;
				GCC_WARN_64_TO_32_BIT_CONVERSION = YES;
				GCC_WARN_ABOUT_RETURN_TYPE = YES_ERROR;
				GCC_WARN_UNDECLARED_SELECTOR = YES;
				GCC_WARN_UNINITIALIZED_AUTOS = YES_AGGRESSIVE;
				GCC_WARN_UNUSED_FUNCTION = YES;
				GCC_WARN_UNUSED_VARIABLE = YES;
				IPHONEOS_DEPLOYMENT_TARGET = 13.4;
				MTL_ENABLE_DEBUG_INFO = NO;
				MTL_FAST_MATH = YES;
				SDKROOT = iphoneos;
				SWIFT_COMPILATION_MODE = wholemodule;
				SWIFT_OPTIMIZATION_LEVEL = "-O";
				VALIDATE_PRODUCT = YES;
			};
			name = Release;
		};
		FBC9D244242F30D700D5CA58 /* Debug */ = {
			isa = XCBuildConfiguration;
			baseConfigurationReference = C55E71E1F025B27E5572FF64 /* Pods-Sidetracked.debug.xcconfig */;
			buildSettings = {
				ASSETCATALOG_COMPILER_APPICON_NAME = AppIcon;
				CODE_SIGN_STYLE = Automatic;
				DEVELOPMENT_TEAM = 7CJ2GPQHZ8;
				INFOPLIST_FILE = Sidetracked/Info.plist;
				LD_RUNPATH_SEARCH_PATHS = (
					"$(inherited)",
					"@executable_path/Frameworks",
				);
				PRODUCT_BUNDLE_IDENTIFIER = com.lahacks2020.Sidetracked;
				PRODUCT_NAME = "$(TARGET_NAME)";
				SWIFT_VERSION = 5.0;
				TARGETED_DEVICE_FAMILY = "1,2";
			};
			name = Debug;
		};
		FBC9D245242F30D700D5CA58 /* Release */ = {
			isa = XCBuildConfiguration;
			baseConfigurationReference = 36B170C45ABB1F98B712E97D /* Pods-Sidetracked.release.xcconfig */;
			buildSettings = {
				ASSETCATALOG_COMPILER_APPICON_NAME = AppIcon;
				CODE_SIGN_STYLE = Automatic;
				DEVELOPMENT_TEAM = 7CJ2GPQHZ8;
				INFOPLIST_FILE = Sidetracked/Info.plist;
				LD_RUNPATH_SEARCH_PATHS = (
					"$(inherited)",
					"@executable_path/Frameworks",
				);
				PRODUCT_BUNDLE_IDENTIFIER = com.lahacks2020.Sidetracked;
				PRODUCT_NAME = "$(TARGET_NAME)";
				SWIFT_VERSION = 5.0;
				TARGETED_DEVICE_FAMILY = "1,2";
			};
			name = Release;
		};
/* End XCBuildConfiguration section */

/* Begin XCConfigurationList section */
		FBC9D22A242F30D600D5CA58 /* Build configuration list for PBXProject "Sidetracked" */ = {
			isa = XCConfigurationList;
			buildConfigurations = (
				FBC9D241242F30D700D5CA58 /* Debug */,
				FBC9D242242F30D700D5CA58 /* Release */,
			);
			defaultConfigurationIsVisible = 0;
			defaultConfigurationName = Release;
		};
		FBC9D243242F30D700D5CA58 /* Build configuration list for PBXNativeTarget "Sidetracked" */ = {
			isa = XCConfigurationList;
			buildConfigurations = (
				FBC9D244242F30D700D5CA58 /* Debug */,
				FBC9D245242F30D700D5CA58 /* Release */,
			);
			defaultConfigurationIsVisible = 0;
			defaultConfigurationName = Release;
		};
/* End XCConfigurationList section */
	};
	rootObject = FBC9D227242F30D600D5CA58 /* Project object */;
}
